
Microsoft Visual Studio Solution File, Format Version 12.00
# Visual Studio Version 17
VisualStudioVersion = 17.6.33815.320
MinimumVisualStudioVersion = 10.0.40219.1
Project("{FAE04EC0-301F-11D3-BF4B-00C04F79EFBC}") = "VerificarCorreoYContrasenaPorCorreo", "VerificarCorreoYContrasenaPorCorreo\VerificarCorreoYContrasenaPorCorreo.csproj", "{AE8F71EA-240F-46CB-B699-7F4EC82D0792}"
EndProject
Global
	GlobalSection(SolutionConfigurationPlatforms) = preSolution
		Debug|Any CPU = Debug|Any CPU
		Release|Any CPU = Release|Any CPU
	EndGlobalSection
	GlobalSection(ProjectConfigurationPlatforms) = postSolution
		{AE8F71EA-240F-46CB-B699-7F4EC82D0792}.Debug|Any CPU.ActiveCfg = Debug|Any CPU
		{AE8F71EA-240F-46CB-B699-7F4EC82D0792}.Debug|Any CPU.Build.0 = Debug|Any CPU
		{AE8F71EA-240F-46CB-B699-7F4EC82D0792}.Release|Any CPU.ActiveCfg = Release|Any CPU
		{AE8F71EA-240F-46CB-B699-7F4EC82D0792}.Release|Any CPU.Build.0 = Release|Any CPU
	EndGlobalSection
	GlobalSection(SolutionProperties) = preSolution
		HideSolutionNode = FALSE
	EndGlobalSection
	GlobalSection(ExtensibilityGlobals) = postSolution
		SolutionGuid = {C6E76308-52B8-4090-AA15-39E26E2EC5FE}
	EndGlobalSection
EndGlobal
